// !$*UTF8*$!
{
	archiveVersion = 1;
	classes = {
	};
	objectVersion = 56;
	objects = {

/* Begin PBXBuildFile section */
		0404E7E12D8A5D1800CA742C /* GoogleService-Info.plist in Resources */ = {isa = PBXBuildFile; fileRef = 0404E7E02D8A5D1800CA742C /* GoogleService-Info.plist */; };
		0404E7E42D8A662600CA742C /* FirebaseAnalytics in Frameworks */ = {isa = PBXBuildFile; productRef = 0404E7E32D8A662600CA742C /* FirebaseAnalytics */; };
		0404E7E62D8A662600CA742C /* FirebaseAuth in Frameworks */ = {isa = PBXBuildFile; productRef = 0404E7E52D8A662600CA742C /* FirebaseAuth */; };
		0404E7E82D8A662600CA742C /* FirebaseCrashlytics in Frameworks */ = {isa = PBXBuildFile; productRef = 0404E7E72D8A662600CA742C /* FirebaseCrashlytics */; };
		0404E7EA2D8A662600CA742C /* FirebaseFirestore in Frameworks */ = {isa = PBXBuildFile; productRef = 0404E7E92D8A662600CA742C /* FirebaseFirestore */; };
		0404E7EC2D8A662600CA742C /* FirebaseStorage in Frameworks */ = {isa = PBXBuildFile; productRef = 0404E7EB2D8A662600CA742C /* FirebaseStorage */; };
		041BB7A32D6D9C48006D98EE /* AppCoordinator.swift in Sources */ = {isa = PBXBuildFile; fileRef = 041BB7A22D6D9C48006D98EE /* AppCoordinator.swift */; };
		041BB7AA2D6D9DAE006D98EE /* AuthCoordinator.swift in Sources */ = {isa = PBXBuildFile; fileRef = 041BB7A92D6D9DAE006D98EE /* AuthCoordinator.swift */; };
		047DD3312D77DE2C00DD4B38 /* AppDelegate.swift in Sources */ = {isa = PBXBuildFile; fileRef = 047DD3302D77DE2C00DD4B38 /* AppDelegate.swift */; };
		047DD3332D77DE8900DD4B38 /* SceneDelegate.swift in Sources */ = {isa = PBXBuildFile; fileRef = 047DD3322D77DE8900DD4B38 /* SceneDelegate.swift */; };
		048A5B9A2D790FBF00B199A3 /* SwiftUIView.swift in Sources */ = {isa = PBXBuildFile; fileRef = 048A5B992D790FBF00B199A3 /* SwiftUIView.swift */; };
		048A5B9C2D794B0300B199A3 /* MainCoordinator.swift in Sources */ = {isa = PBXBuildFile; fileRef = 048A5B9B2D794B0300B199A3 /* MainCoordinator.swift */; };
		0494E69C2D77D358003652EA /* CoordinatorProtocols.swift in Sources */ = {isa = PBXBuildFile; fileRef = 0494E69B2D77D358003652EA /* CoordinatorProtocols.swift */; };
		04A72B442D6804B2006D1317 /* Assets.xcassets in Resources */ = {isa = PBXBuildFile; fileRef = 04A72B432D6804B2006D1317 /* Assets.xcassets */; };
		04A72B472D6804B2006D1317 /* Preview Assets.xcassets in Resources */ = {isa = PBXBuildFile; fileRef = 04A72B462D6804B2006D1317 /* Preview Assets.xcassets */; };
/* End PBXBuildFile section */

/* Begin PBXFileReference section */
		0404E7E02D8A5D1800CA742C /* GoogleService-Info.plist */ = {isa = PBXFileReference; fileEncoding = 4; lastKnownFileType = text.plist.xml; path = "GoogleService-Info.plist"; sourceTree = "<group>"; };
		041BB7A22D6D9C48006D98EE /* AppCoordinator.swift */ = {isa = PBXFileReference; lastKnownFileType = sourcecode.swift; path = AppCoordinator.swift; sourceTree = "<group>"; };
		041BB7A92D6D9DAE006D98EE /* AuthCoordinator.swift */ = {isa = PBXFileReference; lastKnownFileType = sourcecode.swift; path = AuthCoordinator.swift; sourceTree = "<group>"; };
		047DD3302D77DE2C00DD4B38 /* AppDelegate.swift */ = {isa = PBXFileReference; lastKnownFileType = sourcecode.swift; path = AppDelegate.swift; sourceTree = "<group>"; };
		047DD3322D77DE8900DD4B38 /* SceneDelegate.swift */ = {isa = PBXFileReference; lastKnownFileType = sourcecode.swift; path = SceneDelegate.swift; sourceTree = "<group>"; };
		048A5B992D790FBF00B199A3 /* SwiftUIView.swift */ = {isa = PBXFileReference; lastKnownFileType = sourcecode.swift; path = SwiftUIView.swift; sourceTree = "<group>"; };
		048A5B9B2D794B0300B199A3 /* MainCoordinator.swift */ = {isa = PBXFileReference; lastKnownFileType = sourcecode.swift; path = MainCoordinator.swift; sourceTree = "<group>"; };
		0494E69B2D77D358003652EA /* CoordinatorProtocols.swift */ = {isa = PBXFileReference; lastKnownFileType = sourcecode.swift; path = CoordinatorProtocols.swift; sourceTree = "<group>"; };
		04A72B3C2D6804AF006D1317 /* Dictionary.app */ = {isa = PBXFileReference; explicitFileType = wrapper.application; includeInIndex = 0; path = Dictionary.app; sourceTree = BUILT_PRODUCTS_DIR; };
		04A72B432D6804B2006D1317 /* Assets.xcassets */ = {isa = PBXFileReference; lastKnownFileType = folder.assetcatalog; path = Assets.xcassets; sourceTree = "<group>"; };
		04A72B462D6804B2006D1317 /* Preview Assets.xcassets */ = {isa = PBXFileReference; lastKnownFileType = folder.assetcatalog; path = "Preview Assets.xcassets"; sourceTree = "<group>"; };
/* End PBXFileReference section */

/* Begin PBXFrameworksBuildPhase section */
		04A72B392D6804AE006D1317 /* Frameworks */ = {
			isa = PBXFrameworksBuildPhase;
			buildActionMask = 2147483647;
			files = (
				0404E7E82D8A662600CA742C /* FirebaseCrashlytics in Frameworks */,
				0404E7EA2D8A662600CA742C /* FirebaseFirestore in Frameworks */,
				0404E7E42D8A662600CA742C /* FirebaseAnalytics in Frameworks */,
				0404E7EC2D8A662600CA742C /* FirebaseStorage in Frameworks */,
				0404E7E62D8A662600CA742C /* FirebaseAuth in Frameworks */,
			);
			runOnlyForDeploymentPostprocessing = 0;
		};
/* End PBXFrameworksBuildPhase section */

/* Begin PBXGroup section */
		0404E7DE2D8A5CCD00CA742C /* FirebaseConfig */ = {
			isa = PBXGroup;
			children = (
				0404E7E02D8A5D1800CA742C /* GoogleService-Info.plist */,
			);
			path = FirebaseConfig;
			sourceTree = "<group>";
		};
		0404E7DF2D8A5CD900CA742C /* FirebaseServices */ = {
			isa = PBXGroup;
			children = (
			);
			path = FirebaseServices;
			sourceTree = "<group>";
		};
		041BB7A42D6D9CA2006D98EE /* Protocols */ = {
			isa = PBXGroup;
			children = (
				0494E69B2D77D358003652EA /* CoordinatorProtocols.swift */,
			);
			path = Protocols;
			sourceTree = "<group>";
		};
		044A01532D6812A500845757 /* Core */ = {
			isa = PBXGroup;
			children = (
				047DD3302D77DE2C00DD4B38 /* AppDelegate.swift */,
				047DD3322D77DE8900DD4B38 /* SceneDelegate.swift */,
				048A5B992D790FBF00B199A3 /* SwiftUIView.swift */,
			);
			path = Core;
			sourceTree = "<group>";
		};
		044A01542D6812B900845757 /* Coordinators */ = {
			isa = PBXGroup;
			children = (
				041BB7A42D6D9CA2006D98EE /* Protocols */,
				041BB7A22D6D9C48006D98EE /* AppCoordinator.swift */,
				048A5B9B2D794B0300B199A3 /* MainCoordinator.swift */,
				041BB7A92D6D9DAE006D98EE /* AuthCoordinator.swift */,
			);
			path = Coordinators;
			sourceTree = "<group>";
		};
		044A01552D6812E900845757 /* Scenes */ = {
			isa = PBXGroup;
			children = (
				044A01582D6812F900845757 /* ViewModels */,
				044A01572D6812F300845757 /* Views */,
				044A01562D6812EF00845757 /* Models */,
			);
			path = Scenes;
			sourceTree = "<group>";
		};
		044A01562D6812EF00845757 /* Models */ = {
			isa = PBXGroup;
			children = (
			);
			path = Models;
			sourceTree = "<group>";
		};
		044A01572D6812F300845757 /* Views */ = {
			isa = PBXGroup;
			children = (
			);
			path = Views;
			sourceTree = "<group>";
		};
		044A01582D6812F900845757 /* ViewModels */ = {
			isa = PBXGroup;
			children = (
			);
			path = ViewModels;
			sourceTree = "<group>";
		};
		044A01592D68131900845757 /* Services */ = {
			isa = PBXGroup;
			children = (
				0404E7DE2D8A5CCD00CA742C /* FirebaseConfig */,
				0404E7DF2D8A5CD900CA742C /* FirebaseServices */,
			);
			path = Services;
			sourceTree = "<group>";
		};
		04A72B332D6804AE006D1317 = {
			isa = PBXGroup;
			children = (
				04A72B3E2D6804AF006D1317 /* Dictionary */,
				04A72B3D2D6804AF006D1317 /* Products */,
			);
			sourceTree = "<group>";
		};
		04A72B3D2D6804AF006D1317 /* Products */ = {
			isa = PBXGroup;
			children = (
				04A72B3C2D6804AF006D1317 /* Dictionary.app */,
			);
			name = Products;
			sourceTree = "<group>";
		};
		04A72B3E2D6804AF006D1317 /* Dictionary */ = {
			isa = PBXGroup;
			children = (
				044A01592D68131900845757 /* Services */,
				044A01552D6812E900845757 /* Scenes */,
				044A01542D6812B900845757 /* Coordinators */,
				044A01532D6812A500845757 /* Core */,
				04A72B432D6804B2006D1317 /* Assets.xcassets */,
				04A72B452D6804B2006D1317 /* Preview Content */,
			);
			path = Dictionary;
			sourceTree = "<group>";
		};
		04A72B452D6804B2006D1317 /* Preview Content */ = {
			isa = PBXGroup;
			children = (
				04A72B462D6804B2006D1317 /* Preview Assets.xcassets */,
			);
			path = "Preview Content";
			sourceTree = "<group>";
		};
/* End PBXGroup section */

/* Begin PBXNativeTarget section */
		04A72B3B2D6804AE006D1317 /* Dictionary */ = {
			isa = PBXNativeTarget;
			buildConfigurationList = 04A72B4A2D6804B2006D1317 /* Build configuration list for PBXNativeTarget "Dictionary" */;
			buildPhases = (
				04A72B382D6804AE006D1317 /* Sources */,
				04A72B392D6804AE006D1317 /* Frameworks */,
				04A72B3A2D6804AE006D1317 /* Resources */,
			);
			buildRules = (
			);
			dependencies = (
			);
			name = Dictionary;
			packageProductDependencies = (
				0404E7E32D8A662600CA742C /* FirebaseAnalytics */,
				0404E7E52D8A662600CA742C /* FirebaseAuth */,
				0404E7E72D8A662600CA742C /* FirebaseCrashlytics */,
				0404E7E92D8A662600CA742C /* FirebaseFirestore */,
				0404E7EB2D8A662600CA742C /* FirebaseStorage */,
			);
			productName = Dictionary;
			productReference = 04A72B3C2D6804AF006D1317 /* Dictionary.app */;
			productType = "com.apple.product-type.application";
		};
/* End PBXNativeTarget section */

/* Begin PBXProject section */
		04A72B342D6804AE006D1317 /* Project object */ = {
			isa = PBXProject;
			attributes = {
				BuildIndependentTargetsInParallel = 1;
				LastSwiftUpdateCheck = 1540;
				LastUpgradeCheck = 1540;
				TargetAttributes = {
					04A72B3B2D6804AE006D1317 = {
						CreatedOnToolsVersion = 15.4;
					};
				};
			};
			buildConfigurationList = 04A72B372D6804AE006D1317 /* Build configuration list for PBXProject "Dictionary" */;
			compatibilityVersion = "Xcode 14.0";
			developmentRegion = en;
			hasScannedForEncodings = 0;
			knownRegions = (
				en,
				Base,
			);
			mainGroup = 04A72B332D6804AE006D1317;
			packageReferences = (
				0404E7E22D8A662600CA742C /* XCRemoteSwiftPackageReference "firebase-ios-sdk" */,
			);
			productRefGroup = 04A72B3D2D6804AF006D1317 /* Products */;
			projectDirPath = "";
			projectRoot = "";
			targets = (
				04A72B3B2D6804AE006D1317 /* Dictionary */,
			);
		};
/* End PBXProject section */

/* Begin PBXResourcesBuildPhase section */
		04A72B3A2D6804AE006D1317 /* Resources */ = {
			isa = PBXResourcesBuildPhase;
			buildActionMask = 2147483647;
			files = (
				04A72B472D6804B2006D1317 /* Preview Assets.xcassets in Resources */,
				0404E7E12D8A5D1800CA742C /* GoogleService-Info.plist in Resources */,
				04A72B442D6804B2006D1317 /* Assets.xcassets in Resources */,
			);
			runOnlyForDeploymentPostprocessing = 0;
		};
/* End PBXResourcesBuildPhase section */

/* Begin PBXSourcesBuildPhase section */
		04A72B382D6804AE006D1317 /* Sources */ = {
			isa = PBXSourcesBuildPhase;
			buildActionMask = 2147483647;
			files = (
				047DD3312D77DE2C00DD4B38 /* AppDelegate.swift in Sources */,
				048A5B9C2D794B0300B199A3 /* MainCoordinator.swift in Sources */,
				047DD3332D77DE8900DD4B38 /* SceneDelegate.swift in Sources */,
				048A5B9A2D790FBF00B199A3 /* SwiftUIView.swift in Sources */,
				041BB7A32D6D9C48006D98EE /* AppCoordinator.swift in Sources */,
				0494E69C2D77D358003652EA /* CoordinatorProtocols.swift in Sources */,
				041BB7AA2D6D9DAE006D98EE /* AuthCoordinator.swift in Sources */,
			);
			runOnlyForDeploymentPostprocessing = 0;
		};
/* End PBXSourcesBuildPhase section */

/* Begin XCBuildConfiguration section */
		04A72B482D6804B2006D1317 /* Debug */ = {
			isa = XCBuildConfiguration;
			buildSettings = {
				ALWAYS_SEARCH_USER_PATHS = NO;
				ASSETCATALOG_COMPILER_GENERATE_SWIFT_ASSET_SYMBOL_EXTENSIONS = YES;
				CLANG_ANALYZER_NONNULL = YES;
				CLANG_ANALYZER_NUMBER_OBJECT_CONVERSION = YES_AGGRESSIVE;
				CLANG_CXX_LANGUAGE_STANDARD = "gnu++20";
				CLANG_ENABLE_MODULES = YES;
				CLANG_ENABLE_OBJC_ARC = YES;
				CLANG_ENABLE_OBJC_WEAK = YES;
				CLANG_WARN_BLOCK_CAPTURE_AUTORELEASING = YES;
				CLANG_WARN_BOOL_CONVERSION = YES;
				CLANG_WARN_COMMA = YES;
				CLANG_WARN_CONSTANT_CONVERSION = YES;
				CLANG_WARN_DEPRECATED_OBJC_IMPLEMENTATIONS = YES;
				CLANG_WARN_DIRECT_OBJC_ISA_USAGE = YES_ERROR;
				CLANG_WARN_DOCUMENTATION_COMMENTS = YES;
				CLANG_WARN_EMPTY_BODY = YES;
				CLANG_WARN_ENUM_CONVERSION = YES;
				CLANG_WARN_INFINITE_RECURSION = YES;
				CLANG_WARN_INT_CONVERSION = YES;
				CLANG_WARN_NON_LITERAL_NULL_CONVERSION = YES;
				CLANG_WARN_OBJC_IMPLICIT_RETAIN_SELF = YES;
				CLANG_WARN_OBJC_LITERAL_CONVERSION = YES;
				CLANG_WARN_OBJC_ROOT_CLASS = YES_ERROR;
				CLANG_WARN_QUOTED_INCLUDE_IN_FRAMEWORK_HEADER = YES;
				CLANG_WARN_RANGE_LOOP_ANALYSIS = YES;
				CLANG_WARN_STRICT_PROTOTYPES = YES;
				CLANG_WARN_SUSPICIOUS_MOVE = YES;
				CLANG_WARN_UNGUARDED_AVAILABILITY = YES_AGGRESSIVE;
				CLANG_WARN_UNREACHABLE_CODE = YES;
				CLANG_WARN__DUPLICATE_METHOD_MATCH = YES;
				COPY_PHASE_STRIP = NO;
				DEBUG_INFORMATION_FORMAT = dwarf;
				ENABLE_STRICT_OBJC_MSGSEND = YES;
				ENABLE_TESTABILITY = YES;
				ENABLE_USER_SCRIPT_SANDBOXING = YES;
				GCC_C_LANGUAGE_STANDARD = gnu17;
				GCC_DYNAMIC_NO_PIC = NO;
				GCC_NO_COMMON_BLOCKS = YES;
				GCC_OPTIMIZATION_LEVEL = 0;
				GCC_PREPROCESSOR_DEFINITIONS = (
					"DEBUG=1",
					"$(inherited)",
				);
				GCC_WARN_64_TO_32_BIT_CONVERSION = YES;
				GCC_WARN_ABOUT_RETURN_TYPE = YES_ERROR;
				GCC_WARN_UNDECLARED_SELECTOR = YES;
				GCC_WARN_UNINITIALIZED_AUTOS = YES_AGGRESSIVE;
				GCC_WARN_UNUSED_FUNCTION = YES;
				GCC_WARN_UNUSED_VARIABLE = YES;
				IPHONEOS_DEPLOYMENT_TARGET = 17.5;
				LOCALIZATION_PREFERS_STRING_CATALOGS = YES;
				MTL_ENABLE_DEBUG_INFO = INCLUDE_SOURCE;
				MTL_FAST_MATH = YES;
				ONLY_ACTIVE_ARCH = YES;
				SDKROOT = iphoneos;
				SWIFT_ACTIVE_COMPILATION_CONDITIONS = "DEBUG $(inherited)";
				SWIFT_OPTIMIZATION_LEVEL = "-Onone";
			};
			name = Debug;
		};
		04A72B492D6804B2006D1317 /* Release */ = {
			isa = XCBuildConfiguration;
			buildSettings = {
				ALWAYS_SEARCH_USER_PATHS = NO;
				ASSETCATALOG_COMPILER_GENERATE_SWIFT_ASSET_SYMBOL_EXTENSIONS = YES;
				CLANG_ANALYZER_NONNULL = YES;
				CLANG_ANALYZER_NUMBER_OBJECT_CONVERSION = YES_AGGRESSIVE;
				CLANG_CXX_LANGUAGE_STANDARD = "gnu++20";
				CLANG_ENABLE_MODULES = YES;
				CLANG_ENABLE_OBJC_ARC = YES;
				CLANG_ENABLE_OBJC_WEAK = YES;
				CLANG_WARN_BLOCK_CAPTURE_AUTORELEASING = YES;
				CLANG_WARN_BOOL_CONVERSION = YES;
				CLANG_WARN_COMMA = YES;
				CLANG_WARN_CONSTANT_CONVERSION = YES;
				CLANG_WARN_DEPRECATED_OBJC_IMPLEMENTATIONS = YES;
				CLANG_WARN_DIRECT_OBJC_ISA_USAGE = YES_ERROR;
				CLANG_WARN_DOCUMENTATION_COMMENTS = YES;
				CLANG_WARN_EMPTY_BODY = YES;
				CLANG_WARN_ENUM_CONVERSION = YES;
				CLANG_WARN_INFINITE_RECURSION = YES;
				CLANG_WARN_INT_CONVERSION = YES;
				CLANG_WARN_NON_LITERAL_NULL_CONVERSION = YES;
				CLANG_WARN_OBJC_IMPLICIT_RETAIN_SELF = YES;
				CLANG_WARN_OBJC_LITERAL_CONVERSION = YES;
				CLANG_WARN_OBJC_ROOT_CLASS = YES_ERROR;
				CLANG_WARN_QUOTED_INCLUDE_IN_FRAMEWORK_HEADER = YES;
				CLANG_WARN_RANGE_LOOP_ANALYSIS = YES;
				CLANG_WARN_STRICT_PROTOTYPES = YES;
				CLANG_WARN_SUSPICIOUS_MOVE = YES;
				CLANG_WARN_UNGUARDED_AVAILABILITY = YES_AGGRESSIVE;
				CLANG_WARN_UNREACHABLE_CODE = YES;
				CLANG_WARN__DUPLICATE_METHOD_MATCH = YES;
				COPY_PHASE_STRIP = NO;
				DEBUG_INFORMATION_FORMAT = "dwarf-with-dsym";
				ENABLE_NS_ASSERTIONS = NO;
				ENABLE_STRICT_OBJC_MSGSEND = YES;
				ENABLE_USER_SCRIPT_SANDBOXING = YES;
				GCC_C_LANGUAGE_STANDARD = gnu17;
				GCC_NO_COMMON_BLOCKS = YES;
				GCC_WARN_64_TO_32_BIT_CONVERSION = YES;
				GCC_WARN_ABOUT_RETURN_TYPE = YES_ERROR;
				GCC_WARN_UNDECLARED_SELECTOR = YES;
				GCC_WARN_UNINITIALIZED_AUTOS = YES_AGGRESSIVE;
				GCC_WARN_UNUSED_FUNCTION = YES;
				GCC_WARN_UNUSED_VARIABLE = YES;
				IPHONEOS_DEPLOYMENT_TARGET = 17.5;
				LOCALIZATION_PREFERS_STRING_CATALOGS = YES;
				MTL_ENABLE_DEBUG_INFO = NO;
				MTL_FAST_MATH = YES;
				SDKROOT = iphoneos;
				SWIFT_COMPILATION_MODE = wholemodule;
				VALIDATE_PRODUCT = YES;
			};
			name = Release;
		};
		04A72B4B2D6804B2006D1317 /* Debug */ = {
			isa = XCBuildConfiguration;
			buildSettings = {
				ASSETCATALOG_COMPILER_APPICON_NAME = AppIcon;
				ASSETCATALOG_COMPILER_GLOBAL_ACCENT_COLOR_NAME = AccentColor;
				CODE_SIGN_STYLE = Automatic;
				CURRENT_PROJECT_VERSION = 1;
				DEVELOPMENT_ASSET_PATHS = "\"Dictionary/Preview Content\"";
				DEVELOPMENT_TEAM = B3X5Z84XW5;
				ENABLE_PREVIEWS = YES;
				GENERATE_INFOPLIST_FILE = YES;
				INFOPLIST_KEY_UIApplicationSceneManifest_Generation = YES;
				INFOPLIST_KEY_UIApplicationSupportsIndirectInputEvents = YES;
				INFOPLIST_KEY_UILaunchScreen_Generation = YES;
				INFOPLIST_KEY_UISupportedInterfaceOrientations_iPad = "UIInterfaceOrientationPortrait UIInterfaceOrientationPortraitUpsideDown UIInterfaceOrientationLandscapeLeft UIInterfaceOrientationLandscapeRight";
				INFOPLIST_KEY_UISupportedInterfaceOrientations_iPhone = "UIInterfaceOrientationPortrait UIInterfaceOrientationLandscapeLeft UIInterfaceOrientationLandscapeRight";
				LD_RUNPATH_SEARCH_PATHS = (
					"$(inherited)",
					"@executable_path/Frameworks",
				);
				MARKETING_VERSION = 1.0;
				PRODUCT_BUNDLE_IDENTIFIER = cyberbitrixx.Dictionary;
				PRODUCT_NAME = "$(TARGET_NAME)";
				SWIFT_EMIT_LOC_STRINGS = YES;
				SWIFT_VERSION = 5.0;
				TARGETED_DEVICE_FAMILY = "1,2";
			};
			name = Debug;
		};
		04A72B4C2D6804B2006D1317 /* Release */ = {
			isa = XCBuildConfiguration;
			buildSettings = {
				ASSETCATALOG_COMPILER_APPICON_NAME = AppIcon;
				ASSETCATALOG_COMPILER_GLOBAL_ACCENT_COLOR_NAME = AccentColor;
				CODE_SIGN_STYLE = Automatic;
				CURRENT_PROJECT_VERSION = 1;
				DEVELOPMENT_ASSET_PATHS = "\"Dictionary/Preview Content\"";
				DEVELOPMENT_TEAM = B3X5Z84XW5;
				ENABLE_PREVIEWS = YES;
				GENERATE_INFOPLIST_FILE = YES;
				INFOPLIST_KEY_UIApplicationSceneManifest_Generation = YES;
				INFOPLIST_KEY_UIApplicationSupportsIndirectInputEvents = YES;
				INFOPLIST_KEY_UILaunchScreen_Generation = YES;
				INFOPLIST_KEY_UISupportedInterfaceOrientations_iPad = "UIInterfaceOrientationPortrait UIInterfaceOrientationPortraitUpsideDown UIInterfaceOrientationLandscapeLeft UIInterfaceOrientationLandscapeRight";
				INFOPLIST_KEY_UISupportedInterfaceOrientations_iPhone = "UIInterfaceOrientationPortrait UIInterfaceOrientationLandscapeLeft UIInterfaceOrientationLandscapeRight";
				LD_RUNPATH_SEARCH_PATHS = (
					"$(inherited)",
					"@executable_path/Frameworks",
				);
				MARKETING_VERSION = 1.0;
				PRODUCT_BUNDLE_IDENTIFIER = cyberbitrixx.Dictionary;
				PRODUCT_NAME = "$(TARGET_NAME)";
				SWIFT_EMIT_LOC_STRINGS = YES;
				SWIFT_VERSION = 5.0;
				TARGETED_DEVICE_FAMILY = "1,2";
			};
			name = Release;
		};
/* End XCBuildConfiguration section */

/* Begin XCConfigurationList section */
		04A72B372D6804AE006D1317 /* Build configuration list for PBXProject "Dictionary" */ = {
			isa = XCConfigurationList;
			buildConfigurations = (
				04A72B482D6804B2006D1317 /* Debug */,
				04A72B492D6804B2006D1317 /* Release */,
			);
			defaultConfigurationIsVisible = 0;
			defaultConfigurationName = Release;
		};
		04A72B4A2D6804B2006D1317 /* Build configuration list for PBXNativeTarget "Dictionary" */ = {
			isa = XCConfigurationList;
			buildConfigurations = (
				04A72B4B2D6804B2006D1317 /* Debug */,
				04A72B4C2D6804B2006D1317 /* Release */,
			);
			defaultConfigurationIsVisible = 0;
			defaultConfigurationName = Release;
		};
/* End XCConfigurationList section */

/* Begin XCRemoteSwiftPackageReference section */
		0404E7E22D8A662600CA742C /* XCRemoteSwiftPackageReference "firebase-ios-sdk" */ = {
			isa = XCRemoteSwiftPackageReference;
			repositoryURL = "https://github.com/firebase/firebase-ios-sdk";
			requirement = {
				kind = upToNextMajorVersion;
				minimumVersion = 11.10.0;
			};
		};
/* End XCRemoteSwiftPackageReference section */

/* Begin XCSwiftPackageProductDependency section */
		0404E7E32D8A662600CA742C /* FirebaseAnalytics */ = {
			isa = XCSwiftPackageProductDependency;
			package = 0404E7E22D8A662600CA742C /* XCRemoteSwiftPackageReference "firebase-ios-sdk" */;
			productName = FirebaseAnalytics;
		};
		0404E7E52D8A662600CA742C /* FirebaseAuth */ = {
			isa = XCSwiftPackageProductDependency;
			package = 0404E7E22D8A662600CA742C /* XCRemoteSwiftPackageReference "firebase-ios-sdk" */;
			productName = FirebaseAuth;
		};
		0404E7E72D8A662600CA742C /* FirebaseCrashlytics */ = {
			isa = XCSwiftPackageProductDependency;
			package = 0404E7E22D8A662600CA742C /* XCRemoteSwiftPackageReference "firebase-ios-sdk" */;
			productName = FirebaseCrashlytics;
		};
		0404E7E92D8A662600CA742C /* FirebaseFirestore */ = {
			isa = XCSwiftPackageProductDependency;
			package = 0404E7E22D8A662600CA742C /* XCRemoteSwiftPackageReference "firebase-ios-sdk" */;
			productName = FirebaseFirestore;
		};
		0404E7EB2D8A662600CA742C /* FirebaseStorage */ = {
			isa = XCSwiftPackageProductDependency;
			package = 0404E7E22D8A662600CA742C /* XCRemoteSwiftPackageReference "firebase-ios-sdk" */;
			productName = FirebaseStorage;
		};
/* End XCSwiftPackageProductDependency section */
	};
	rootObject = 04A72B342D6804AE006D1317 /* Project object */;
}
